%{
  "delta_crdt": {:hex, :delta_crdt, "0.5.1", "309efe887f179db8ac9489606f494d09f60e177b170ecd2f303f3d11667c1774", [:mix], [{:merkle_map, "~> 0.1.1", [hex: :merkle_map, repo: "hexpm", optional: false]}, {:murmur, "~> 1.0", [hex: :murmur, repo: "hexpm", optional: false]}], "hexpm"},
  "horde": {:hex, :horde, "0.5.0-rc.12", "aeeec6477e8469ba24b21b207c8033e233ff038ccbd82b4beabc9b974552c1f6", [:mix], [{:delta_crdt, "~> 0.5.1", [hex: :delta_crdt, repo: "hexpm", optional: false]}, {:xxhash, "~> 0.1", [hex: :xxhash, repo: "hexpm", optional: false]}], "hexpm"},
  "merkle_map": {:hex, :merkle_map, "0.1.2", "84a0205190405a12cf87dc061bd29e0d71e52950e7e943be1992019f8728647e", [:mix], [{:murmur, "~> 1.0", [hex: :murmur, repo: "hexpm", optional: true]}], "hexpm"},
  "murmur": {:hex, :murmur, "1.0.1", "a6e6bced2dd0d666090a9cf3e73699f3b9176bbcf32d35b0f022f137667608e3", [:mix], [], "hexpm"},
  "xxhash": {:hex, :xxhash, "0.2.1", "ab0893a8124f3c11116c57e500485dc5f67817d1d4c44f0fff41f3fd3c590607", [:mix], [], "hexpm"},
}
